
Microsoft Visual Studio Solution File, Format Version 12.00
# Visual Studio 14
VisualStudioVersion = 14.0.25420.1
MinimumVisualStudioVersion = 10.0.40219.1
Project("{FAE04EC0-301F-11D3-BF4B-00C04F79EFBC}") = "RpgTest", "RpgTest\RpgTest.csproj", "{FBBA56BF-4676-4281-BFBE-9D8BF1C08C26}"
EndProject
Global
	GlobalSection(SolutionConfigurationPlatforms) = preSolution
		Debug|Any CPU = Debug|Any CPU
		Release|Any CPU = Release|Any CPU
	EndGlobalSection
	GlobalSection(ProjectConfigurationPlatforms) = postSolution
		{FBBA56BF-4676-4281-BFBE-9D8BF1C08C26}.Debug|Any CPU.ActiveCfg = Debug|Any CPU
		{FBBA56BF-4676-4281-BFBE-9D8BF1C08C26}.Debug|Any CPU.Build.0 = Debug|Any CPU
		{FBBA56BF-4676-4281-BFBE-9D8BF1C08C26}.Release|Any CPU.ActiveCfg = Release|Any CPU
		{FBBA56BF-4676-4281-BFBE-9D8BF1C08C26}.Release|Any CPU.Build.0 = Release|Any CPU
	EndGlobalSection
	GlobalSection(SolutionProperties) = preSolution
		HideSolutionNode = FALSE
	EndGlobalSection
EndGlobal
